lockVersion: 2.0.0
id: e060d448-f368-4c43-9502-191df189e131
management:
  docChecksum: 763cea21adbc8c039521891d9c2519a0
  docVersion: 0.1.0
  speakeasyVersion: 1.285.1
  generationVersion: 2.326.3
  releaseVersion: 0.8.0
  configChecksum: 2554dd5548f014cf16ee31e46dfb7317
  repoURL: https://github.com/diogenespf/Burger-SDK.git
  repoSubDirectory: .
  installationURL: https://github.com/diogenespf/Burger-SDK.git
features:
  python:
    additionalDependencies: 0.1.0
    constsAndDefaults: 0.1.3
    core: 4.6.7
    flattening: 2.81.1
    globalSecurityCallbacks: 0.1.0
    globalServerURLs: 2.82.2
    responseFormat: 0.1.0
    retries: 2.82.2
    sdkHooks: 0.1.0
    unions: 2.82.6
    webhooks: 1.0.0
generatedFiles:
  - src/apitizing_burgers/sdkconfiguration.py
  - src/apitizing_burgers/burger.py
  - src/apitizing_burgers/order.py
  - src/apitizing_burgers/sdk.py
  - py.typed
  - pylintrc
  - setup.py
  - src/apitizing_burgers/__init__.py
  - src/apitizing_burgers/utils/__init__.py
  - src/apitizing_burgers/utils/retries.py
  - src/apitizing_burgers/utils/utils.py
  - src/apitizing_burgers/models/errors/sdkerror.py
  - src/apitizing_burgers/models/operations/listburgers.py
  - src/apitizing_burgers/models/operations/createburger.py
  - src/apitizing_burgers/models/operations/readburger.py
  - src/apitizing_burgers/models/operations/updateburger.py
  - src/apitizing_burgers/models/operations/deleteburger.py
  - src/apitizing_burgers/models/operations/listorders.py
  - src/apitizing_burgers/models/operations/createorder.py
  - src/apitizing_burgers/models/operations/readorder.py
  - src/apitizing_burgers/models/operations/updateorder.py
  - src/apitizing_burgers/models/components/burgeroutput.py
  - src/apitizing_burgers/models/components/validationerror.py
  - src/apitizing_burgers/models/components/burgercreate.py
  - src/apitizing_burgers/models/components/burgerupdate.py
  - src/apitizing_burgers/models/components/orderoutput.py
  - src/apitizing_burgers/models/components/ordercreate.py
  - src/apitizing_burgers/models/components/orderupdate.py
  - src/apitizing_burgers/models/errors/httpvalidationerror.py
  - src/apitizing_burgers/models/errors/responsemessage.py
  - src/apitizing_burgers/models/webhooks/webhookorderstatuschanged.py
  - src/apitizing_burgers/models/__init__.py
  - src/apitizing_burgers/models/errors/__init__.py
  - src/apitizing_burgers/models/operations/__init__.py
  - src/apitizing_burgers/models/components/__init__.py
  - src/apitizing_burgers/models/webhooks/__init__.py
  - docs/models/operations/listburgersresponse.md
  - docs/models/operations/createburgerresponse.md
  - docs/models/operations/readburgerrequest.md
  - docs/models/operations/readburgerresponse.md
  - docs/models/operations/updateburgerrequest.md
  - docs/models/operations/updateburgerresponse.md
  - docs/models/operations/deleteburgerrequest.md
  - docs/models/operations/deleteburgerresponse.md
  - docs/models/operations/listordersresponse.md
  - docs/models/operations/createorderresponse.md
  - docs/models/operations/readorderrequest.md
  - docs/models/operations/readorderresponse.md
  - docs/models/operations/updateorderrequest.md
  - docs/models/operations/updateorderresponse.md
  - docs/models/components/burgeroutput.md
  - docs/models/components/loc.md
  - docs/models/components/validationerror.md
  - docs/models/components/burgercreate.md
  - docs/models/components/burgerupdate.md
  - docs/models/components/orderstatus.md
  - docs/models/components/orderoutput.md
  - docs/models/components/ordercreate.md
  - docs/models/components/orderupdateorderstatus.md
  - docs/models/components/orderupdate.md
  - docs/models/errors/httpvalidationerror.md
  - docs/models/errors/responsemessage.md
  - docs/models/webhooks/webhookorderstatuschangedresponse.md
  - docs/sdks/apitizingburgers/README.md
  - docs/models/utils/retryconfig.md
  - docs/sdks/burger/README.md
  - docs/sdks/order/README.md
  - USAGE.md
  - .gitattributes
  - src/apitizing_burgers/_hooks/sdkhooks.py
  - src/apitizing_burgers/_hooks/types.py
  - src/apitizing_burgers/_hooks/__init__.py
